PODS:
  - Alamofire (3.4.0)
  - OHHTTPStubs (5.0.0):
    - OHHTTPStubs/Default (= 5.0.0)
  - OHHTTPStubs/Core (5.0.0)
  - OHHTTPStubs/Default (5.0.0):
    - OHHTTPStubs/Core
    - OHHTTPStubs/JSON
    - OHHTTPStubs/NSURLSession
    - OHHTTPStubs/OHPathHelpers
  - OHHTTPStubs/JSON (5.0.0):
    - OHHTTPStubs/Core
  - OHHTTPStubs/NSURLSession (5.0.0):
    - OHHTTPStubs/Core
  - OHHTTPStubs/OHPathHelpers (5.0.0)
  - SwiftyConcur (0.1.1):
    - Alamofire (~> 3.4)
    - SwiftyJSON (~> 2.3.1)
  - SwiftyJSON (2.3.2)

DEPENDENCIES:
  - OHHTTPStubs
  - SwiftyConcur

SPEC CHECKSUMS:
  Alamofire: c19a627cefd6a95f840401c49ab1f124e07f54ee
  OHHTTPStubs: a5d2e9eea07869d42ec03338325f398bc520e159
  SwiftyConcur: e21e59b0bdcf8e636ad7351144b74755e2b3851c
  SwiftyJSON: 04ccea08915aa0109039157c7974cf0298da292a

PODFILE CHECKSUM: a54bffef52d4454b19ecb6a2c3494b7a28096932

COCOAPODS: 1.0.0
