// !$*UTF8*$!
{
	archiveVersion = 1;
	classes = {
	};
	objectVersion = 47;
	objects = {

/* Begin PBXGroup section */
		B67D65D51B5041EA00E49241 /* Source */ = {
			isa = PBXGroup;
			children = (
			);
			name = Source;
			sourceTree = "<group>";
		};
		B6B81B781B5040880014ECC4 = {
			isa = PBXGroup;
			children = (
				B67D65D51B5041EA00E49241 /* Source */,
			);
			sourceTree = "<group>";
			usesTabs = 0;
		};
/* End PBXGroup section */

/* Begin PBXProject section */
		B6B81B791B5040880014ECC4 /* Project object */ = {
			isa = PBXProject;
			attributes = {
				LastUpgradeCheck = 0640;
			};
			buildConfigurationList = B6B81B7C1B5040880014ECC4 /* Build configuration list for PBXProject "SwiftyConcur" */;
			compatibilityVersion = "Xcode 6.3";
			developmentRegion = English;
			hasScannedForEncodings = 0;
			knownRegions = (
				en,
			);
			mainGroup = B6B81B781B5040880014ECC4;
			projectDirPath = "";
			projectRoot = "";
			targets = (
			);
		};
/* End PBXProject section */

/* Begin XCBuildConfiguration section */
		B6B81B7D1B5040880014ECC4 /* Debug */ = {
			isa = XCBuildConfiguration;
			buildSettings = {
			};
			name = Debug;
		};
		B6B81B7E1B5040880014ECC4 /* Release */ = {
			isa = XCBuildConfiguration;
			buildSettings = {
			};
			name = Release;
		};
/* End XCBuildConfiguration section */

/* Begin XCConfigurationList section */
		B6B81B7C1B5040880014ECC4 /* Build configuration list for PBXProject "SwiftyConcur" */ = {
			isa = XCConfigurationList;
			buildConfigurations = (
				B6B81B7D1B5040880014ECC4 /* Debug */,
				B6B81B7E1B5040880014ECC4 /* Release */,
			);
			defaultConfigurationIsVisible = 0;
			defaultConfigurationName = Release;
		};
/* End XCConfigurationList section */
	};
	rootObject = B6B81B791B5040880014ECC4 /* Project object */;
}
